{
  "name": "pokedemo",
  "version": "1.0.0",
  "lockfileVersion": 3,
  "requires": true,
  "packages": {
    "": {
      "name": "pokedemo",
      "version": "1.0.0",
      "license": "ISC",
      "workspaces": [
        "packages/backend",
        "packages/frontend",
        "packages/common"
      ]
    },
    "node_modules/@pokedemo/backend": {
      "resolved": "packages/backend",
      "link": true
    },
    "node_modules/@pokedemo/common": {
      "resolved": "packages/common",
      "link": true
    },
    "node_modules/@pokedemo/frontend": {
      "resolved": "packages/frontend",
      "link": true
    },
    "packages/backend": {
      "name": "@pokedemo/backend",
      "version": "1.0.0",
      "license": "ISC",
      "dependencies": {
        "@pokedemo/common": "^1.0.0"
      }
    },
    "packages/common": {
      "name": "@pokedemo/common",
      "version": "1.0.0",
      "license": "ISC",
      "devDependencies": {}
    },
    "packages/frontend": {
      "name": "@pokedemo/frontend",
      "version": "1.0.0",
      "license": "ISC",
      "dependencies": {
        "@pokedemo/common": "^1.0.0"
      },
      "devDependencies": {}
    }
  }
}
